
Microsoft Visual Studio Solution File, Format Version 12.00
# Visual Studio 15
VisualStudioVersion = 15.0.28307.1062
MinimumVisualStudioVersion = 10.0.40219.1
Project("{8BC9CEB8-8B4A-11D0-8D11-00A0C91BC942}") = "goolpicturegen", "goolpicturegen\goolpicturegen.vcxproj", "{8FEC605D-5DA5-4C6B-AD34-90296511959E}"
EndProject
Global
	GlobalSection(SolutionConfigurationPlatforms) = preSolution
		Debug|x64 = Debug|x64
		Debug|x86 = Debug|x86
		Release|x64 = Release|x64
		Release|x86 = Release|x86
	EndGlobalSection
	GlobalSection(ProjectConfigurationPlatforms) = postSolution
		{8FEC605D-5DA5-4C6B-AD34-90296511959E}.Debug|x64.ActiveCfg = Debug|x64
		{8FEC605D-5DA5-4C6B-AD34-90296511959E}.Debug|x64.Build.0 = Debug|x64
		{8FEC605D-5DA5-4C6B-AD34-90296511959E}.Debug|x86.ActiveCfg = Debug|Win32
		{8FEC605D-5DA5-4C6B-AD34-90296511959E}.Debug|x86.Build.0 = Debug|Win32
		{8FEC605D-5DA5-4C6B-AD34-90296511959E}.Release|x64.ActiveCfg = Release|x64
		{8FEC605D-5DA5-4C6B-AD34-90296511959E}.Release|x64.Build.0 = Release|x64
		{8FEC605D-5DA5-4C6B-AD34-90296511959E}.Release|x86.ActiveCfg = Release|Win32
		{8FEC605D-5DA5-4C6B-AD34-90296511959E}.Release|x86.Build.0 = Release|Win32
	EndGlobalSection
	GlobalSection(SolutionProperties) = preSolution
		HideSolutionNode = FALSE
	EndGlobalSection
	GlobalSection(ExtensibilityGlobals) = postSolution
		SolutionGuid = {E0F9AE98-98ED-4CFE-BE7E-01FDDC7B8873}
	EndGlobalSection
EndGlobal
